
Microsoft Visual Studio Solution File, Format Version 11.00
# Visual Studio 2010
Project("{FAE04EC0-301F-11D3-BF4B-00C04F79EFBC}") = "WonderFleur9", "WonderFleur9.csproj", "{C02E435E-D2AE-4C23-9EEB-18387AF09D63}"
EndProject
Global
	GlobalSection(SolutionConfigurationPlatforms) = preSolution
		Debug|Any CPU = Debug|Any CPU
		Release|Any CPU = Release|Any CPU
	EndGlobalSection
	GlobalSection(ProjectConfigurationPlatforms) = postSolution
		{C02E435E-D2AE-4C23-9EEB-18387AF09D63}.Debug|Any CPU.ActiveCfg = Debug|Any CPU
		{C02E435E-D2AE-4C23-9EEB-18387AF09D63}.Debug|Any CPU.Build.0 = Debug|Any CPU
		{C02E435E-D2AE-4C23-9EEB-18387AF09D63}.Release|Any CPU.ActiveCfg = Release|Any CPU
		{C02E435E-D2AE-4C23-9EEB-18387AF09D63}.Release|Any CPU.Build.0 = Release|Any CPU
	EndGlobalSection
	GlobalSection(SolutionProperties) = preSolution
		HideSolutionNode = FALSE
	EndGlobalSection
EndGlobal
